
Microsoft Visual Studio Solution File, Format Version 12.00
# Visual Studio Version 16
VisualStudioVersion = 16.0.29709.97
MinimumVisualStudioVersion = 10.0.40219.1
Project("{FAE04EC0-301F-11D3-BF4B-00C04F79EFBC}") = "MyBudget", "MyBudget\MyBudget\MyBudget.csproj", "{253A13B0-086F-4938-9E6D-706932214F34}"
EndProject
Project("{FAE04EC0-301F-11D3-BF4B-00C04F79EFBC}") = "MyBudget.Android", "MyBudget\MyBudget.Android\MyBudget.Android.csproj", "{37D466EB-847A-45F8-B993-AD550D3007C8}"
EndProject
Project("{FAE04EC0-301F-11D3-BF4B-00C04F79EFBC}") = "MyBudget.iOS", "MyBudget\MyBudget.iOS\MyBudget.iOS.csproj", "{670F61C0-0873-4841-BE20-43E2F796437A}"
EndProject
Project("{FAE04EC0-301F-11D3-BF4B-00C04F79EFBC}") = "MyBudget.UWP", "MyBudget\MyBudget.UWP\MyBudget.UWP.csproj", "{D63721F7-4051-4DC4-A6E2-FA83F683012C}"
EndProject
Global
	GlobalSection(SolutionConfigurationPlatforms) = preSolution
		Ad-Hoc|Any CPU = Ad-Hoc|Any CPU
		Ad-Hoc|ARM = Ad-Hoc|ARM
		Ad-Hoc|iPhone = Ad-Hoc|iPhone
		Ad-Hoc|iPhoneSimulator = Ad-Hoc|iPhoneSimulator
		Ad-Hoc|x64 = Ad-Hoc|x64
		Ad-Hoc|x86 = Ad-Hoc|x86
		AppStore|Any CPU = AppStore|Any CPU
		AppStore|ARM = AppStore|ARM
		AppStore|iPhone = AppStore|iPhone
		AppStore|iPhoneSimulator = AppStore|iPhoneSimulator
		AppStore|x64 = AppStore|x64
		AppStore|x86 = AppStore|x86
		Debug|Any CPU = Debug|Any CPU
		Debug|ARM = Debug|ARM
		Debug|iPhone = Debug|iPhone
		Debug|iPhoneSimulator = Debug|iPhoneSimulator
		Debug|x64 = Debug|x64
		Debug|x86 = Debug|x86
		Release|Any CPU = Release|Any CPU
		Release|ARM = Release|ARM
		Release|iPhone = Release|iPhone
		Release|iPhoneSimulator = Release|iPhoneSimulator
		Release|x64 = Release|x64
		Release|x86 = Release|x86
	EndGlobalSection
	GlobalSection(ProjectConfigurationPlatforms) = postSolution
		{253A13B0-086F-4938-9E6D-706932214F34}.Ad-Hoc|Any CPU.ActiveCfg = Debug|Any CPU
		{253A13B0-086F-4938-9E6D-706932214F34}.Ad-Hoc|Any CPU.Build.0 = Debug|Any CPU
		{253A13B0-086F-4938-9E6D-706932214F34}.Ad-Hoc|ARM.ActiveCfg = Debug|Any CPU
		{253A13B0-086F-4938-9E6D-706932214F34}.Ad-Hoc|ARM.Build.0 = Debug|Any CPU
		{253A13B0-086F-4938-9E6D-706932214F34}.Ad-Hoc|iPhone.ActiveCfg = Debug|Any CPU
		{253A13B0-086F-4938-9E6D-706932214F34}.Ad-Hoc|iPhone.Build.0 = Debug|Any CPU
		{253A13B0-086F-4938-9E6D-706932214F34}.Ad-Hoc|iPhoneSimulator.ActiveCfg = Debug|Any CPU
		{253A13B0-086F-4938-9E6D-706932214F34}.Ad-Hoc|iPhoneSimulator.Build.0 = Debug|Any CPU
		{253A13B0-086F-4938-9E6D-706932214F34}.Ad-Hoc|x64.ActiveCfg = Debug|Any CPU
		{253A13B0-086F-4938-9E6D-706932214F34}.Ad-Hoc|x64.Build.0 = Debug|Any CPU
		{253A13B0-086F-4938-9E6D-706932214F34}.Ad-Hoc|x86.ActiveCfg = Debug|Any CPU
		{253A13B0-086F-4938-9E6D-706932214F34}.Ad-Hoc|x86.Build.0 = Debug|Any CPU
		{253A13B0-086F-4938-9E6D-706932214F34}.AppStore|Any CPU.ActiveCfg = Debug|Any CPU
		{253A13B0-086F-4938-9E6D-706932214F34}.AppStore|Any CPU.Build.0 = Debug|Any CPU
		{253A13B0-086F-4938-9E6D-706932214F34}.AppStore|ARM.ActiveCfg = Debug|Any CPU
		{253A13B0-086F-4938-9E6D-706932214F34}.AppStore|ARM.Build.0 = Debug|Any CPU
		{253A13B0-086F-4938-9E6D-706932214F34}.AppStore|iPhone.ActiveCfg = Debug|Any CPU
		{253A13B0-086F-4938-9E6D-706932214F34}.AppStore|iPhone.Build.0 = Debug|Any CPU
		{253A13B0-086F-4938-9E6D-706932214F34}.AppStore|iPhoneSimulator.ActiveCfg = Debug|Any CPU
		{253A13B0-086F-4938-9E6D-706932214F34}.AppStore|iPhoneSimulator.Build.0 = Debug|Any CPU
		{253A13B0-086F-4938-9E6D-706932214F34}.AppStore|x64.ActiveCfg = Debug|Any CPU
		{253A13B0-086F-4938-9E6D-706932214F34}.AppStore|x64.Build.0 = Debug|Any CPU
		{253A13B0-086F-4938-9E6D-706932214F34}.AppStore|x86.ActiveCfg = Debug|Any CPU
		{253A13B0-086F-4938-9E6D-706932214F34}.AppStore|x86.Build.0 = Debug|Any CPU
		{253A13B0-086F-4938-9E6D-706932214F34}.Debug|Any CPU.ActiveCfg = Debug|Any CPU
		{253A13B0-086F-4938-9E6D-706932214F34}.Debug|Any CPU.Build.0 = Debug|Any CPU
		{253A13B0-086F-4938-9E6D-706932214F34}.Debug|ARM.ActiveCfg = Debug|Any CPU
		{253A13B0-086F-4938-9E6D-706932214F34}.Debug|ARM.Build.0 = Debug|Any CPU
		{253A13B0-086F-4938-9E6D-706932214F34}.Debug|iPhone.ActiveCfg = Debug|Any CPU
		{253A13B0-086F-4938-9E6D-706932214F34}.Debug|iPhone.Build.0 = Debug|Any CPU
		{253A13B0-086F-4938-9E6D-706932214F34}.Debug|iPhoneSimulator.ActiveCfg = Debug|Any CPU
		{253A13B0-086F-4938-9E6D-706932214F34}.Debug|iPhoneSimulator.Build.0 = Debug|Any CPU
		{253A13B0-086F-4938-9E6D-706932214F34}.Debug|x64.ActiveCfg = Debug|Any CPU
		{253A13B0-086F-4938-9E6D-706932214F34}.Debug|x64.Build.0 = Debug|Any CPU
		{253A13B0-086F-4938-9E6D-706932214F34}.Debug|x86.ActiveCfg = Debug|Any CPU
		{253A13B0-086F-4938-9E6D-706932214F34}.Debug|x86.Build.0 = Debug|Any CPU
		{253A13B0-086F-4938-9E6D-706932214F34}.Release|Any CPU.ActiveCfg = Release|Any CPU
		{253A13B0-086F-4938-9E6D-706932214F34}.Release|Any CPU.Build.0 = Release|Any CPU
		{253A13B0-086F-4938-9E6D-706932214F34}.Release|ARM.ActiveCfg = Release|Any CPU
		{253A13B0-086F-4938-9E6D-706932214F34}.Release|ARM.Build.0 = Release|Any CPU
		{253A13B0-086F-4938-9E6D-706932214F34}.Release|iPhone.ActiveCfg = Release|Any CPU
		{253A13B0-086F-4938-9E6D-706932214F34}.Release|iPhone.Build.0 = Release|Any CPU
		{253A13B0-086F-4938-9E6D-706932214F34}.Release|iPhoneSimulator.ActiveCfg = Release|Any CPU
		{253A13B0-086F-4938-9E6D-706932214F34}.Release|iPhoneSimulator.Build.0 = Release|Any CPU
		{253A13B0-086F-4938-9E6D-706932214F34}.Release|x64.ActiveCfg = Release|Any CPU
		{253A13B0-086F-4938-9E6D-706932214F34}.Release|x64.Build.0 = Release|Any CPU
		{253A13B0-086F-4938-9E6D-706932214F34}.Release|x86.ActiveCfg = Release|Any CPU
		{253A13B0-086F-4938-9E6D-706932214F34}.Release|x86.Build.0 = Release|Any CPU
		{37D466EB-847A-45F8-B993-AD550D3007C8}.Ad-Hoc|Any CPU.ActiveCfg = Release|Any CPU
		{37D466EB-847A-45F8-B993-AD550D3007C8}.Ad-Hoc|Any CPU.Build.0 = Release|Any CPU
		{37D466EB-847A-45F8-B993-AD550D3007C8}.Ad-Hoc|Any CPU.Deploy.0 = Release|Any CPU
		{37D466EB-847A-45F8-B993-AD550D3007C8}.Ad-Hoc|ARM.ActiveCfg = Release|Any CPU
		{37D466EB-847A-45F8-B993-AD550D3007C8}.Ad-Hoc|ARM.Build.0 = Release|Any CPU
		{37D466EB-847A-45F8-B993-AD550D3007C8}.Ad-Hoc|ARM.Deploy.0 = Release|Any CPU
		{37D466EB-847A-45F8-B993-AD550D3007C8}.Ad-Hoc|iPhone.ActiveCfg = Release|Any CPU
		{37D466EB-847A-45F8-B993-AD550D3007C8}.Ad-Hoc|iPhone.Build.0 = Release|Any CPU
		{37D466EB-847A-45F8-B993-AD550D3007C8}.Ad-Hoc|iPhone.Deploy.0 = Release|Any CPU
		{37D466EB-847A-45F8-B993-AD550D3007C8}.Ad-Hoc|iPhoneSimulator.ActiveCfg = Release|Any CPU
		{37D466EB-847A-45F8-B993-AD550D3007C8}.Ad-Hoc|iPhoneSimulator.Build.0 = Release|Any CPU
		{37D466EB-847A-45F8-B993-AD550D3007C8}.Ad-Hoc|iPhoneSimulator.Deploy.0 = Release|Any CPU
		{37D466EB-847A-45F8-B993-AD550D3007C8}.Ad-Hoc|x64.ActiveCfg = Release|Any CPU
		{37D466EB-847A-45F8-B993-AD550D3007C8}.Ad-Hoc|x64.Build.0 = Release|Any CPU
		{37D466EB-847A-45F8-B993-AD550D3007C8}.Ad-Hoc|x64.Deploy.0 = Release|Any CPU
		{37D466EB-847A-45F8-B993-AD550D3007C8}.Ad-Hoc|x86.ActiveCfg = Release|Any CPU
		{37D466EB-847A-45F8-B993-AD550D3007C8}.Ad-Hoc|x86.Build.0 = Release|Any CPU
		{37D466EB-847A-45F8-B993-AD550D3007C8}.Ad-Hoc|x86.Deploy.0 = Release|Any CPU
		{37D466EB-847A-45F8-B993-AD550D3007C8}.AppStore|Any CPU.ActiveCfg = Release|Any CPU
		{37D466EB-847A-45F8-B993-AD550D3007C8}.AppStore|Any CPU.Build.0 = Release|Any CPU
		{37D466EB-847A-45F8-B993-AD550D3007C8}.AppStore|Any CPU.Deploy.0 = Release|Any CPU
		{37D466EB-847A-45F8-B993-AD550D3007C8}.AppStore|ARM.ActiveCfg = Release|Any CPU
		{37D466EB-847A-45F8-B993-AD550D3007C8}.AppStore|ARM.Build.0 = Release|Any CPU
		{37D466EB-847A-45F8-B993-AD550D3007C8}.AppStore|ARM.Deploy.0 = Release|Any CPU
		{37D466EB-847A-45F8-B993-AD550D3007C8}.AppStore|iPhone.ActiveCfg = Release|Any CPU
		{37D466EB-847A-45F8-B993-AD550D3007C8}.AppStore|iPhone.Build.0 = Release|Any CPU
		{37D466EB-847A-45F8-B993-AD550D3007C8}.AppStore|iPhone.Deploy.0 = Release|Any CPU
		{37D466EB-847A-45F8-B993-AD550D3007C8}.AppStore|iPhoneSimulator.ActiveCfg = Release|Any CPU
		{37D466EB-847A-45F8-B993-AD550D3007C8}.AppStore|iPhoneSimulator.Build.0 = Release|Any CPU
		{37D466EB-847A-45F8-B993-AD550D3007C8}.AppStore|iPhoneSimulator.Deploy.0 = Release|Any CPU
		{37D466EB-847A-45F8-B993-AD550D3007C8}.AppStore|x64.ActiveCfg = Release|Any CPU
		{37D466EB-847A-45F8-B993-AD550D3007C8}.AppStore|x64.Build.0 = Release|Any CPU
		{37D466EB-847A-45F8-B993-AD550D3007C8}.AppStore|x64.Deploy.0 = Release|Any CPU
		{37D466EB-847A-45F8-B993-AD550D3007C8}.AppStore|x86.ActiveCfg = Release|Any CPU
		{37D466EB-847A-45F8-B993-AD550D3007C8}.AppStore|x86.Build.0 = Release|Any CPU
		{37D466EB-847A-45F8-B993-AD550D3007C8}.AppStore|x86.Deploy.0 = Release|Any CPU
		{37D466EB-847A-45F8-B993-AD550D3007C8}.Debug|Any CPU.ActiveCfg = Debug|Any CPU
		{37D466EB-847A-45F8-B993-AD550D3007C8}.Debug|Any CPU.Build.0 = Debug|Any CPU
		{37D466EB-847A-45F8-B993-AD550D3007C8}.Debug|Any CPU.Deploy.0 = Debug|Any CPU
		{37D466EB-847A-45F8-B993-AD550D3007C8}.Debug|ARM.ActiveCfg = Debug|Any CPU
		{37D466EB-847A-45F8-B993-AD550D3007C8}.Debug|ARM.Build.0 = Debug|Any CPU
		{37D466EB-847A-45F8-B993-AD550D3007C8}.Debug|ARM.Deploy.0 = Debug|Any CPU
		{37D466EB-847A-45F8-B993-AD550D3007C8}.Debug|iPhone.ActiveCfg = Debug|Any CPU
		{37D466EB-847A-45F8-B993-AD550D3007C8}.Debug|iPhone.Build.0 = Debug|Any CPU
		{37D466EB-847A-45F8-B993-AD550D3007C8}.Debug|iPhone.Deploy.0 = Debug|Any CPU
		{37D466EB-847A-45F8-B993-AD550D3007C8}.Debug|iPhoneSimulator.ActiveCfg = Debug|Any CPU
		{37D466EB-847A-45F8-B993-AD550D3007C8}.Debug|iPhoneSimulator.Build.0 = Debug|Any CPU
		{37D466EB-847A-45F8-B993-AD550D3007C8}.Debug|iPhoneSimulator.Deploy.0 = Debug|Any CPU
		{37D466EB-847A-45F8-B993-AD550D3007C8}.Debug|x64.ActiveCfg = Debug|Any CPU
		{37D466EB-847A-45F8-B993-AD550D3007C8}.Debug|x64.Build.0 = Debug|Any CPU
		{37D466EB-847A-45F8-B993-AD550D3007C8}.Debug|x64.Deploy.0 = Debug|Any CPU
		{37D466EB-847A-45F8-B993-AD550D3007C8}.Debug|x86.ActiveCfg = Debug|Any CPU
		{37D466EB-847A-45F8-B993-AD550D3007C8}.Debug|x86.Build.0 = Debug|Any CPU
		{37D466EB-847A-45F8-B993-AD550D3007C8}.Debug|x86.Deploy.0 = Debug|Any CPU
		{37D466EB-847A-45F8-B993-AD550D3007C8}.Release|Any CPU.ActiveCfg = Release|Any CPU
		{37D466EB-847A-45F8-B993-AD550D3007C8}.Release|Any CPU.Build.0 = Release|Any CPU
		{37D466EB-847A-45F8-B993-AD550D3007C8}.Release|Any CPU.Deploy.0 = Release|Any CPU
		{37D466EB-847A-45F8-B993-AD550D3007C8}.Release|ARM.ActiveCfg = Release|Any CPU
		{37D466EB-847A-45F8-B993-AD550D3007C8}.Release|ARM.Build.0 = Release|Any CPU
		{37D466EB-847A-45F8-B993-AD550D3007C8}.Release|ARM.Deploy.0 = Release|Any CPU
		{37D466EB-847A-45F8-B993-AD550D3007C8}.Release|iPhone.ActiveCfg = Release|Any CPU
		{37D466EB-847A-45F8-B993-AD550D3007C8}.Release|iPhone.Build.0 = Release|Any CPU
		{37D466EB-847A-45F8-B993-AD550D3007C8}.Release|iPhone.Deploy.0 = Release|Any CPU
		{37D466EB-847A-45F8-B993-AD550D3007C8}.Release|iPhoneSimulator.ActiveCfg = Release|Any CPU
		{37D466EB-847A-45F8-B993-AD550D3007C8}.Release|iPhoneSimulator.Build.0 = Release|Any CPU
		{37D466EB-847A-45F8-B993-AD550D3007C8}.Release|iPhoneSimulator.Deploy.0 = Release|Any CPU
		{37D466EB-847A-45F8-B993-AD550D3007C8}.Release|x64.ActiveCfg = Release|Any CPU
		{37D466EB-847A-45F8-B993-AD550D3007C8}.Release|x64.Build.0 = Release|Any CPU
		{37D466EB-847A-45F8-B993-AD550D3007C8}.Release|x64.Deploy.0 = Release|Any CPU
		{37D466EB-847A-45F8-B993-AD550D3007C8}.Release|x86.ActiveCfg = Release|Any CPU
		{37D466EB-847A-45F8-B993-AD550D3007C8}.Release|x86.Build.0 = Release|Any CPU
		{37D466EB-847A-45F8-B993-AD550D3007C8}.Release|x86.Deploy.0 = Release|Any CPU
		{670F61C0-0873-4841-BE20-43E2F796437A}.Ad-Hoc|Any CPU.ActiveCfg = Ad-Hoc|iPhone
		{670F61C0-0873-4841-BE20-43E2F796437A}.Ad-Hoc|ARM.ActiveCfg = Ad-Hoc|iPhone
		{670F61C0-0873-4841-BE20-43E2F796437A}.Ad-Hoc|iPhone.ActiveCfg = Ad-Hoc|iPhone
		{670F61C0-0873-4841-BE20-43E2F796437A}.Ad-Hoc|iPhone.Build.0 = Ad-Hoc|iPhone
		{670F61C0-0873-4841-BE20-43E2F796437A}.Ad-Hoc|iPhoneSimulator.ActiveCfg = Ad-Hoc|iPhoneSimulator
		{670F61C0-0873-4841-BE20-43E2F796437A}.Ad-Hoc|iPhoneSimulator.Build.0 = Ad-Hoc|iPhoneSimulator
		{670F61C0-0873-4841-BE20-43E2F796437A}.Ad-Hoc|x64.ActiveCfg = Ad-Hoc|iPhone
		{670F61C0-0873-4841-BE20-43E2F796437A}.Ad-Hoc|x86.ActiveCfg = Ad-Hoc|iPhone
		{670F61C0-0873-4841-BE20-43E2F796437A}.AppStore|Any CPU.ActiveCfg = AppStore|iPhone
		{670F61C0-0873-4841-BE20-43E2F796437A}.AppStore|ARM.ActiveCfg = AppStore|iPhone
		{670F61C0-0873-4841-BE20-43E2F796437A}.AppStore|iPhone.ActiveCfg = AppStore|iPhone
		{670F61C0-0873-4841-BE20-43E2F796437A}.AppStore|iPhone.Build.0 = AppStore|iPhone
		{670F61C0-0873-4841-BE20-43E2F796437A}.AppStore|iPhoneSimulator.ActiveCfg = AppStore|iPhoneSimulator
		{670F61C0-0873-4841-BE20-43E2F796437A}.AppStore|iPhoneSimulator.Build.0 = AppStore|iPhoneSimulator
		{670F61C0-0873-4841-BE20-43E2F796437A}.AppStore|x64.ActiveCfg = AppStore|iPhone
		{670F61C0-0873-4841-BE20-43E2F796437A}.AppStore|x86.ActiveCfg = AppStore|iPhone
		{670F61C0-0873-4841-BE20-43E2F796437A}.Debug|Any CPU.ActiveCfg = Debug|iPhone
		{670F61C0-0873-4841-BE20-43E2F796437A}.Debug|ARM.ActiveCfg = Debug|iPhone
		{670F61C0-0873-4841-BE20-43E2F796437A}.Debug|iPhone.ActiveCfg = Debug|iPhone
		{670F61C0-0873-4841-BE20-43E2F796437A}.Debug|iPhone.Build.0 = Debug|iPhone
		{670F61C0-0873-4841-BE20-43E2F796437A}.Debug|iPhoneSimulator.ActiveCfg = Debug|iPhoneSimulator
		{670F61C0-0873-4841-BE20-43E2F796437A}.Debug|iPhoneSimulator.Build.0 = Debug|iPhoneSimulator
		{670F61C0-0873-4841-BE20-43E2F796437A}.Debug|x64.ActiveCfg = Debug|iPhone
		{670F61C0-0873-4841-BE20-43E2F796437A}.Debug|x86.ActiveCfg = Debug|iPhone
		{670F61C0-0873-4841-BE20-43E2F796437A}.Release|Any CPU.ActiveCfg = Release|iPhone
		{670F61C0-0873-4841-BE20-43E2F796437A}.Release|ARM.ActiveCfg = Release|iPhone
		{670F61C0-0873-4841-BE20-43E2F796437A}.Release|iPhone.ActiveCfg = Release|iPhone
		{670F61C0-0873-4841-BE20-43E2F796437A}.Release|iPhone.Build.0 = Release|iPhone
		{670F61C0-0873-4841-BE20-43E2F796437A}.Release|iPhoneSimulator.ActiveCfg = Release|iPhoneSimulator
		{670F61C0-0873-4841-BE20-43E2F796437A}.Release|iPhoneSimulator.Build.0 = Release|iPhoneSimulator
		{670F61C0-0873-4841-BE20-43E2F796437A}.Release|x64.ActiveCfg = Release|iPhone
		{670F61C0-0873-4841-BE20-43E2F796437A}.Release|x86.ActiveCfg = Release|iPhone
		{D63721F7-4051-4DC4-A6E2-FA83F683012C}.Ad-Hoc|Any CPU.ActiveCfg = Release|x86
		{D63721F7-4051-4DC4-A6E2-FA83F683012C}.Ad-Hoc|Any CPU.Build.0 = Release|x86
		{D63721F7-4051-4DC4-A6E2-FA83F683012C}.Ad-Hoc|Any CPU.Deploy.0 = Release|x86
		{D63721F7-4051-4DC4-A6E2-FA83F683012C}.Ad-Hoc|ARM.ActiveCfg = Release|ARM
		{D63721F7-4051-4DC4-A6E2-FA83F683012C}.Ad-Hoc|ARM.Build.0 = Release|ARM
		{D63721F7-4051-4DC4-A6E2-FA83F683012C}.Ad-Hoc|ARM.Deploy.0 = Release|ARM
		{D63721F7-4051-4DC4-A6E2-FA83F683012C}.Ad-Hoc|iPhone.ActiveCfg = Release|x86
		{D63721F7-4051-4DC4-A6E2-FA83F683012C}.Ad-Hoc|iPhone.Build.0 = Release|x86
		{D63721F7-4051-4DC4-A6E2-FA83F683012C}.Ad-Hoc|iPhone.Deploy.0 = Release|x86
		{D63721F7-4051-4DC4-A6E2-FA83F683012C}.Ad-Hoc|iPhoneSimulator.ActiveCfg = Release|x86
		{D63721F7-4051-4DC4-A6E2-FA83F683012C}.Ad-Hoc|iPhoneSimulator.Build.0 = Release|x86
		{D63721F7-4051-4DC4-A6E2-FA83F683012C}.Ad-Hoc|iPhoneSimulator.Deploy.0 = Release|x86
		{D63721F7-4051-4DC4-A6E2-FA83F683012C}.Ad-Hoc|x64.ActiveCfg = Release|x64
		{D63721F7-4051-4DC4-A6E2-FA83F683012C}.Ad-Hoc|x64.Build.0 = Release|x64
		{D63721F7-4051-4DC4-A6E2-FA83F683012C}.Ad-Hoc|x64.Deploy.0 = Release|x64
		{D63721F7-4051-4DC4-A6E2-FA83F683012C}.Ad-Hoc|x86.ActiveCfg = Release|x86
		{D63721F7-4051-4DC4-A6E2-FA83F683012C}.Ad-Hoc|x86.Build.0 = Release|x86
		{D63721F7-4051-4DC4-A6E2-FA83F683012C}.Ad-Hoc|x86.Deploy.0 = Release|x86
		{D63721F7-4051-4DC4-A6E2-FA83F683012C}.AppStore|Any CPU.ActiveCfg = Release|x86
		{D63721F7-4051-4DC4-A6E2-FA83F683012C}.AppStore|Any CPU.Build.0 = Release|x86
		{D63721F7-4051-4DC4-A6E2-FA83F683012C}.AppStore|Any CPU.Deploy.0 = Release|x86
		{D63721F7-4051-4DC4-A6E2-FA83F683012C}.AppStore|ARM.ActiveCfg = Release|ARM
		{D63721F7-4051-4DC4-A6E2-FA83F683012C}.AppStore|ARM.Build.0 = Release|ARM
		{D63721F7-4051-4DC4-A6E2-FA83F683012C}.AppStore|ARM.Deploy.0 = Release|ARM
		{D63721F7-4051-4DC4-A6E2-FA83F683012C}.AppStore|iPhone.ActiveCfg = Release|x86
		{D63721F7-4051-4DC4-A6E2-FA83F683012C}.AppStore|iPhone.Build.0 = Release|x86
		{D63721F7-4051-4DC4-A6E2-FA83F683012C}.AppStore|iPhone.Deploy.0 = Release|x86
		{D63721F7-4051-4DC4-A6E2-FA83F683012C}.AppStore|iPhoneSimulator.ActiveCfg = Release|x86
		{D63721F7-4051-4DC4-A6E2-FA83F683012C}.AppStore|iPhoneSimulator.Build.0 = Release|x86
		{D63721F7-4051-4DC4-A6E2-FA83F683012C}.AppStore|iPhoneSimulator.Deploy.0 = Release|x86
		{D63721F7-4051-4DC4-A6E2-FA83F683012C}.AppStore|x64.ActiveCfg = Release|x64
		{D63721F7-4051-4DC4-A6E2-FA83F683012C}.AppStore|x64.Build.0 = Release|x64
		{D63721F7-4051-4DC4-A6E2-FA83F683012C}.AppStore|x64.Deploy.0 = Release|x64
		{D63721F7-4051-4DC4-A6E2-FA83F683012C}.AppStore|x86.ActiveCfg = Release|x86
		{D63721F7-4051-4DC4-A6E2-FA83F683012C}.AppStore|x86.Build.0 = Release|x86
		{D63721F7-4051-4DC4-A6E2-FA83F683012C}.AppStore|x86.Deploy.0 = Release|x86
		{D63721F7-4051-4DC4-A6E2-FA83F683012C}.Debug|Any CPU.ActiveCfg = Debug|x86
		{D63721F7-4051-4DC4-A6E2-FA83F683012C}.Debug|ARM.ActiveCfg = Debug|ARM
		{D63721F7-4051-4DC4-A6E2-FA83F683012C}.Debug|ARM.Build.0 = Debug|ARM
		{D63721F7-4051-4DC4-A6E2-FA83F683012C}.Debug|ARM.Deploy.0 = Debug|ARM
		{D63721F7-4051-4DC4-A6E2-FA83F683012C}.Debug|iPhone.ActiveCfg = Debug|x86
		{D63721F7-4051-4DC4-A6E2-FA83F683012C}.Debug|iPhoneSimulator.ActiveCfg = Debug|x86
		{D63721F7-4051-4DC4-A6E2-FA83F683012C}.Debug|x64.ActiveCfg = Debug|x64
		{D63721F7-4051-4DC4-A6E2-FA83F683012C}.Debug|x64.Build.0 = Debug|x64
		{D63721F7-4051-4DC4-A6E2-FA83F683012C}.Debug|x64.Deploy.0 = Debug|x64
		{D63721F7-4051-4DC4-A6E2-FA83F683012C}.Debug|x86.ActiveCfg = Debug|x86
		{D63721F7-4051-4DC4-A6E2-FA83F683012C}.Debug|x86.Build.0 = Debug|x86
		{D63721F7-4051-4DC4-A6E2-FA83F683012C}.Debug|x86.Deploy.0 = Debug|x86
		{D63721F7-4051-4DC4-A6E2-FA83F683012C}.Release|Any CPU.ActiveCfg = Release|x86
		{D63721F7-4051-4DC4-A6E2-FA83F683012C}.Release|ARM.ActiveCfg = Release|ARM
		{D63721F7-4051-4DC4-A6E2-FA83F683012C}.Release|ARM.Build.0 = Release|ARM
		{D63721F7-4051-4DC4-A6E2-FA83F683012C}.Release|ARM.Deploy.0 = Release|ARM
		{D63721F7-4051-4DC4-A6E2-FA83F683012C}.Release|iPhone.ActiveCfg = Release|x86
		{D63721F7-4051-4DC4-A6E2-FA83F683012C}.Release|iPhoneSimulator.ActiveCfg = Release|x86
		{D63721F7-4051-4DC4-A6E2-FA83F683012C}.Release|x64.ActiveCfg = Release|x64
		{D63721F7-4051-4DC4-A6E2-FA83F683012C}.Release|x64.Build.0 = Release|x64
		{D63721F7-4051-4DC4-A6E2-FA83F683012C}.Release|x64.Deploy.0 = Release|x64
		{D63721F7-4051-4DC4-A6E2-FA83F683012C}.Release|x86.ActiveCfg = Release|x86
		{D63721F7-4051-4DC4-A6E2-FA83F683012C}.Release|x86.Build.0 = Release|x86
		{D63721F7-4051-4DC4-A6E2-FA83F683012C}.Release|x86.Deploy.0 = Release|x86
	EndGlobalSection
	GlobalSection(SolutionProperties) = preSolution
		HideSolutionNode = FALSE
	EndGlobalSection
	GlobalSection(ExtensibilityGlobals) = postSolution
		SolutionGuid = {9EBDFE15-76BD-4AE1-B8EB-52DA97C44D9F}
	EndGlobalSection
EndGlobal
